
Microsoft Visual Studio Solution File, Format Version 12.00
# Visual Studio Version 17
VisualStudioVersion = 17.14.36301.6
MinimumVisualStudioVersion = 10.0.40219.1
Project("{FAE04EC0-301F-11D3-BF4B-00C04F79EFBC}") = "CountLinesOfCode", "CountLinesOfCode\CountLinesOfCode.csproj", "{6BD8168B-3B99-452B-8967-197E491F4247}"
EndProject
Project("{FAE04EC0-301F-11D3-BF4B-00C04F79EFBC}") = "CountLinesCodeChanged_V3", "LinesCodeChanged_V3\CountLinesCodeChanged_V3.csproj", "{D2B79AF3-2BF9-4A8B-B876-730588019DED}"
EndProject
Global
	GlobalSection(SolutionConfigurationPlatforms) = preSolution
		Debug|Any CPU = Debug|Any CPU
		Release|Any CPU = Release|Any CPU
	EndGlobalSection
	GlobalSection(ProjectConfigurationPlatforms) = postSolution
		{6BD8168B-3B99-452B-8967-197E491F4247}.Debug|Any CPU.ActiveCfg = Debug|Any CPU
		{6BD8168B-3B99-452B-8967-197E491F4247}.Debug|Any CPU.Build.0 = Debug|Any CPU
		{6BD8168B-3B99-452B-8967-197E491F4247}.Release|Any CPU.ActiveCfg = Release|Any CPU
		{6BD8168B-3B99-452B-8967-197E491F4247}.Release|Any CPU.Build.0 = Release|Any CPU
		{D2B79AF3-2BF9-4A8B-B876-730588019DED}.Debug|Any CPU.ActiveCfg = Debug|Any CPU
		{D2B79AF3-2BF9-4A8B-B876-730588019DED}.Debug|Any CPU.Build.0 = Debug|Any CPU
		{D2B79AF3-2BF9-4A8B-B876-730588019DED}.Release|Any CPU.ActiveCfg = Release|Any CPU
		{D2B79AF3-2BF9-4A8B-B876-730588019DED}.Release|Any CPU.Build.0 = Release|Any CPU
	EndGlobalSection
	GlobalSection(SolutionProperties) = preSolution
		HideSolutionNode = FALSE
	EndGlobalSection
	GlobalSection(ExtensibilityGlobals) = postSolution
		SolutionGuid = {A8DC472C-1A17-401B-AEE9-B8AE9F340BF7}
	EndGlobalSection
EndGlobal
