Microsoft Visual Studio Solution File, Format Version 12.00
# Visual Studio Version 17
VisualStudioVersion = 17.5.2.0
MinimumVisualStudioVersion = 10.0.40219.1
Project("{FAE04EC0-301F-11D3-BF4B-00C04F79EFBC}") = "CountLinesOfCode", "CountLinesOfCode.csproj", "{A881FFE9-BD49-E948-943E-04C791C6C091}"
EndProject
Global
	GlobalSection(SolutionConfigurationPlatforms) = preSolution
		Debug|Any CPU = Debug|Any CPU
		Release|Any CPU = Release|Any CPU
	EndGlobalSection
	GlobalSection(ProjectConfigurationPlatforms) = postSolution
		{A881FFE9-BD49-E948-943E-04C791C6C091}.Debug|Any CPU.ActiveCfg = Debug|Any CPU
		{A881FFE9-BD49-E948-943E-04C791C6C091}.Debug|Any CPU.Build.0 = Debug|Any CPU
		{A881FFE9-BD49-E948-943E-04C791C6C091}.Release|Any CPU.ActiveCfg = Release|Any CPU
		{A881FFE9-BD49-E948-943E-04C791C6C091}.Release|Any CPU.Build.0 = Release|Any CPU
	EndGlobalSection
	GlobalSection(SolutionProperties) = preSolution
		HideSolutionNode = FALSE
	EndGlobalSection
	GlobalSection(ExtensibilityGlobals) = postSolution
		SolutionGuid = {FB41EBEB-4E87-4371-ADC6-B6017CAF7F26}
	EndGlobalSection
EndGlobal
